// !$*UTF8*$!
{
	archiveVersion = 1;
	classes = {
	};
	objectVersion = 56;
	objects = {

/* Begin PBXBuildFile section */
		53B48F2629FE579C003962DE /* AppDelegate.swift in Sources */ = {isa = PBXBuildFile; fileRef = 53B48F2529FE579C003962DE /* AppDelegate.swift */; };
		53B48F2829FE579C003962DE /* SceneDelegate.swift in Sources */ = {isa = PBXBuildFile; fileRef = 53B48F2729FE579C003962DE /* SceneDelegate.swift */; };
		53B48F2A29FE579C003962DE /* ViewController.swift in Sources */ = {isa = PBXBuildFile; fileRef = 53B48F2929FE579C003962DE /* ViewController.swift */; };
		53B48F2D29FE579C003962DE /* Main.storyboard in Resources */ = {isa = PBXBuildFile; fileRef = 53B48F2B29FE579C003962DE /* Main.storyboard */; };
		53B48F2F29FE579D003962DE /* Assets.xcassets in Resources */ = {isa = PBXBuildFile; fileRef = 53B48F2E29FE579D003962DE /* Assets.xcassets */; };
		53B48F3229FE579D003962DE /* LaunchScreen.storyboard in Resources */ = {isa = PBXBuildFile; fileRef = 53B48F3029FE579D003962DE /* LaunchScreen.storyboard */; };
		53B48F5E2A0CF547003962DE /* KeyList.plist in Resources */ = {isa = PBXBuildFile; fileRef = 53B48F5D2A0CF547003962DE /* KeyList.plist */; };
		53B48F602A0CF6D6003962DE /* WeatherApp++Bundle.swift in Sources */ = {isa = PBXBuildFile; fileRef = 53B48F5F2A0CF6D6003962DE /* WeatherApp++Bundle.swift */; };
		53B48F622A0CF9FE003962DE /* WeatherInfo.swift in Sources */ = {isa = PBXBuildFile; fileRef = 53B48F612A0CF9FE003962DE /* WeatherInfo.swift */; };
/* End PBXBuildFile section */

/* Begin PBXFileReference section */
		53B48F2229FE579C003962DE /* WeatherApp_ver1.app */ = {isa = PBXFileReference; explicitFileType = wrapper.application; includeInIndex = 0; path = WeatherApp_ver1.app; sourceTree = BUILT_PRODUCTS_DIR; };
		53B48F2529FE579C003962DE /* AppDelegate.swift */ = {isa = PBXFileReference; lastKnownFileType = sourcecode.swift; path = AppDelegate.swift; sourceTree = "<group>"; };
		53B48F2729FE579C003962DE /* SceneDelegate.swift */ = {isa = PBXFileReference; lastKnownFileType = sourcecode.swift; path = SceneDelegate.swift; sourceTree = "<group>"; };
		53B48F2929FE579C003962DE /* ViewController.swift */ = {isa = PBXFileReference; lastKnownFileType = sourcecode.swift; path = ViewController.swift; sourceTree = "<group>"; };
		53B48F2C29FE579C003962DE /* Base */ = {isa = PBXFileReference; lastKnownFileType = file.storyboard; name = Base; path = Base.lproj/Main.storyboard; sourceTree = "<group>"; };
		53B48F2E29FE579D003962DE /* Assets.xcassets */ = {isa = PBXFileReference; lastKnownFileType = folder.assetcatalog; path = Assets.xcassets; sourceTree = "<group>"; };
		53B48F3129FE579D003962DE /* Base */ = {isa = PBXFileReference; lastKnownFileType = file.storyboard; name = Base; path = Base.lproj/LaunchScreen.storyboard; sourceTree = "<group>"; };
		53B48F3329FE579D003962DE /* Info.plist */ = {isa = PBXFileReference; lastKnownFileType = text.plist.xml; path = Info.plist; sourceTree = "<group>"; };
		53B48F5D2A0CF547003962DE /* KeyList.plist */ = {isa = PBXFileReference; lastKnownFileType = text.plist.xml; path = KeyList.plist; sourceTree = "<group>"; };
		53B48F5F2A0CF6D6003962DE /* WeatherApp++Bundle.swift */ = {isa = PBXFileReference; lastKnownFileType = sourcecode.swift; path = "WeatherApp++Bundle.swift"; sourceTree = "<group>"; };
		53B48F612A0CF9FE003962DE /* WeatherInfo.swift */ = {isa = PBXFileReference; lastKnownFileType = sourcecode.swift; path = WeatherInfo.swift; sourceTree = "<group>"; };
/* End PBXFileReference section */

/* Begin PBXFrameworksBuildPhase section */
		53B48F1F29FE579C003962DE /* Frameworks */ = {
			isa = PBXFrameworksBuildPhase;
			buildActionMask = 2147483647;
			files = (
			);
			runOnlyForDeploymentPostprocessing = 0;
		};
/* End PBXFrameworksBuildPhase section */

/* Begin PBXGroup section */
		53B48F1929FE579C003962DE = {
			isa = PBXGroup;
			children = (
				53B48F2429FE579C003962DE /* WeatherApp_ver1 */,
				53B48F2329FE579C003962DE /* Products */,
			);
			sourceTree = "<group>";
		};
		53B48F2329FE579C003962DE /* Products */ = {
			isa = PBXGroup;
			children = (
				53B48F2229FE579C003962DE /* WeatherApp_ver1.app */,
			);
			name = Products;
			sourceTree = "<group>";
		};
		53B48F2429FE579C003962DE /* WeatherApp_ver1 */ = {
			isa = PBXGroup;
			children = (
				53B48F2529FE579C003962DE /* AppDelegate.swift */,
				53B48F2729FE579C003962DE /* SceneDelegate.swift */,
				53B48F2929FE579C003962DE /* ViewController.swift */,
				53B48F2B29FE579C003962DE /* Main.storyboard */,
				53B48F2E29FE579D003962DE /* Assets.xcassets */,
				53B48F3029FE579D003962DE /* LaunchScreen.storyboard */,
				53B48F3329FE579D003962DE /* Info.plist */,
				53B48F5D2A0CF547003962DE /* KeyList.plist */,
				53B48F5F2A0CF6D6003962DE /* WeatherApp++Bundle.swift */,
				53B48F612A0CF9FE003962DE /* WeatherInfo.swift */,
			);
			path = WeatherApp_ver1;
			sourceTree = "<group>";
		};
/* End PBXGroup section */

/* Begin PBXNativeTarget section */
		53B48F2129FE579C003962DE /* WeatherApp_ver1 */ = {
			isa = PBXNativeTarget;
			buildConfigurationList = 53B48F3629FE579D003962DE /* Build configuration list for PBXNativeTarget "WeatherApp_ver1" */;
			buildPhases = (
				53B48F1E29FE579C003962DE /* Sources */,
				53B48F1F29FE579C003962DE /* Frameworks */,
				53B48F2029FE579C003962DE /* Resources */,
			);
			buildRules = (
			);
			dependencies = (
			);
			name = WeatherApp_ver1;
			productName = WeatherApp_ver1;
			productReference = 53B48F2229FE579C003962DE /* WeatherApp_ver1.app */;
			productType = "com.apple.product-type.application";
		};
/* End PBXNativeTarget section */

/* Begin PBXProject section */
		53B48F1A29FE579C003962DE /* Project object */ = {
			isa = PBXProject;
			attributes = {
				BuildIndependentTargetsInParallel = 1;
				LastSwiftUpdateCheck = 1430;
				LastUpgradeCheck = 1430;
				TargetAttributes = {
					53B48F2129FE579C003962DE = {
						CreatedOnToolsVersion = 14.3;
					};
				};
			};
			buildConfigurationList = 53B48F1D29FE579C003962DE /* Build configuration list for PBXProject "WeatherApp_ver1" */;
			compatibilityVersion = "Xcode 14.0";
			developmentRegion = en;
			hasScannedForEncodings = 0;
			knownRegions = (
				en,
				Base,
			);
			mainGroup = 53B48F1929FE579C003962DE;
			productRefGroup = 53B48F2329FE579C003962DE /* Products */;
			projectDirPath = "";
			projectRoot = "";
			targets = (
				53B48F2129FE579C003962DE /* WeatherApp_ver1 */,
			);
		};
/* End PBXProject section */

/* Begin PBXResourcesBuildPhase section */
		53B48F2029FE579C003962DE /* Resources */ = {
			isa = PBXResourcesBuildPhase;
			buildActionMask = 2147483647;
			files = (
				53B48F5E2A0CF547003962DE /* KeyList.plist in Resources */,
				53B48F3229FE579D003962DE /* LaunchScreen.storyboard in Resources */,
				53B48F2F29FE579D003962DE /* Assets.xcassets in Resources */,
				53B48F2D29FE579C003962DE /* Main.storyboard in Resources */,
			);
			runOnlyForDeploymentPostprocessing = 0;
		};
/* End PBXResourcesBuildPhase section */

/* Begin PBXSourcesBuildPhase section */
		53B48F1E29FE579C003962DE /* Sources */ = {
			isa = PBXSourcesBuildPhase;
			buildActionMask = 2147483647;
			files = (
				53B48F602A0CF6D6003962DE /* WeatherApp++Bundle.swift in Sources */,
				53B48F2A29FE579C003962DE /* ViewController.swift in Sources */,
				53B48F2629FE579C003962DE /* AppDelegate.swift in Sources */,
				53B48F622A0CF9FE003962DE /* WeatherInfo.swift in Sources */,
				53B48F2829FE579C003962DE /* SceneDelegate.swift in Sources */,
			);
			runOnlyForDeploymentPostprocessing = 0;
		};
/* End PBXSourcesBuildPhase section */

/* Begin PBXVariantGroup section */
		53B48F2B29FE579C003962DE /* Main.storyboard */ = {
			isa = PBXVariantGroup;
			children = (
				53B48F2C29FE579C003962DE /* Base */,
			);
			name = Main.storyboard;
			sourceTree = "<group>";
		};
		53B48F3029FE579D003962DE /* LaunchScreen.storyboard */ = {
			isa = PBXVariantGroup;
			children = (
				53B48F3129FE579D003962DE /* Base */,
			);
			name = LaunchScreen.storyboard;
			sourceTree = "<group>";
		};
/* End PBXVariantGroup section */

/* Begin XCBuildConfiguration section */
		53B48F3429FE579D003962DE /* Debug */ = {
			isa = XCBuildConfiguration;
			buildSettings = {
				ALWAYS_SEARCH_USER_PATHS = NO;
				CLANG_ANALYZER_NONNULL = YES;
				CLANG_ANALYZER_NUMBER_OBJECT_CONVERSION = YES_AGGRESSIVE;
				CLANG_CXX_LANGUAGE_STANDARD = "gnu++20";
				CLANG_ENABLE_MODULES = YES;
				CLANG_ENABLE_OBJC_ARC = YES;
				CLANG_ENABLE_OBJC_WEAK = YES;
				CLANG_WARN_BLOCK_CAPTURE_AUTORELEASING = YES;
				CLANG_WARN_BOOL_CONVERSION = YES;
				CLANG_WARN_COMMA = YES;
				CLANG_WARN_CONSTANT_CONVERSION = YES;
				CLANG_WARN_DEPRECATED_OBJC_IMPLEMENTATIONS = YES;
				CLANG_WARN_DIRECT_OBJC_ISA_USAGE = YES_ERROR;
				CLANG_WARN_DOCUMENTATION_COMMENTS = YES;
				CLANG_WARN_EMPTY_BODY = YES;
				CLANG_WARN_ENUM_CONVERSION = YES;
				CLANG_WARN_INFINITE_RECURSION = YES;
				CLANG_WARN_INT_CONVERSION = YES;
				CLANG_WARN_NON_LITERAL_NULL_CONVERSION = YES;
				CLANG_WARN_OBJC_IMPLICIT_RETAIN_SELF = YES;
				CLANG_WARN_OBJC_LITERAL_CONVERSION = YES;
				CLANG_WARN_OBJC_ROOT_CLASS = YES_ERROR;
				CLANG_WARN_QUOTED_INCLUDE_IN_FRAMEWORK_HEADER = YES;
				CLANG_WARN_RANGE_LOOP_ANALYSIS = YES;
				CLANG_WARN_STRICT_PROTOTYPES = YES;
				CLANG_WARN_SUSPICIOUS_MOVE = YES;
				CLANG_WARN_UNGUARDED_AVAILABILITY = YES_AGGRESSIVE;
				CLANG_WARN_UNREACHABLE_CODE = YES;
				CLANG_WARN__DUPLICATE_METHOD_MATCH = YES;
				COPY_PHASE_STRIP = NO;
				DEBUG_INFORMATION_FORMAT = dwarf;
				ENABLE_STRICT_OBJC_MSGSEND = YES;
				ENABLE_TESTABILITY = YES;
				GCC_C_LANGUAGE_STANDARD = gnu11;
				GCC_DYNAMIC_NO_PIC = NO;
				GCC_NO_COMMON_BLOCKS = YES;
				GCC_OPTIMIZATION_LEVEL = 0;
				GCC_PREPROCESSOR_DEFINITIONS = (
					"DEBUG=1",
					"$(inherited)",
				);
				GCC_WARN_64_TO_32_BIT_CONVERSION = YES;
				GCC_WARN_ABOUT_RETURN_TYPE = YES_ERROR;
				GCC_WARN_UNDECLARED_SELECTOR = YES;
				GCC_WARN_UNINITIALIZED_AUTOS = YES_AGGRESSIVE;
				GCC_WARN_UNUSED_FUNCTION = YES;
				GCC_WARN_UNUSED_VARIABLE = YES;
				IPHONEOS_DEPLOYMENT_TARGET = 16.4;
				MTL_ENABLE_DEBUG_INFO = INCLUDE_SOURCE;
				MTL_FAST_MATH = YES;
				ONLY_ACTIVE_ARCH = YES;
				SDKROOT = iphoneos;
				SWIFT_ACTIVE_COMPILATION_CONDITIONS = DEBUG;
				SWIFT_OPTIMIZATION_LEVEL = "-Onone";
			};
			name = Debug;
		};
		53B48F3529FE579D003962DE /* Release */ = {
			isa = XCBuildConfiguration;
			buildSettings = {
				ALWAYS_SEARCH_USER_PATHS = NO;
				CLANG_ANALYZER_NONNULL = YES;
				CLANG_ANALYZER_NUMBER_OBJECT_CONVERSION = YES_AGGRESSIVE;
				CLANG_CXX_LANGUAGE_STANDARD = "gnu++20";
				CLANG_ENABLE_MODULES = YES;
				CLANG_ENABLE_OBJC_ARC = YES;
				CLANG_ENABLE_OBJC_WEAK = YES;
				CLANG_WARN_BLOCK_CAPTURE_AUTORELEASING = YES;
				CLANG_WARN_BOOL_CONVERSION = YES;
				CLANG_WARN_COMMA = YES;
				CLANG_WARN_CONSTANT_CONVERSION = YES;
				CLANG_WARN_DEPRECATED_OBJC_IMPLEMENTATIONS = YES;
				CLANG_WARN_DIRECT_OBJC_ISA_USAGE = YES_ERROR;
				CLANG_WARN_DOCUMENTATION_COMMENTS = YES;
				CLANG_WARN_EMPTY_BODY = YES;
				CLANG_WARN_ENUM_CONVERSION = YES;
				CLANG_WARN_INFINITE_RECURSION = YES;
				CLANG_WARN_INT_CONVERSION = YES;
				CLANG_WARN_NON_LITERAL_NULL_CONVERSION = YES;
				CLANG_WARN_OBJC_IMPLICIT_RETAIN_SELF = YES;
				CLANG_WARN_OBJC_LITERAL_CONVERSION = YES;
				CLANG_WARN_OBJC_ROOT_CLASS = YES_ERROR;
				CLANG_WARN_QUOTED_INCLUDE_IN_FRAMEWORK_HEADER = YES;
				CLANG_WARN_RANGE_LOOP_ANALYSIS = YES;
				CLANG_WARN_STRICT_PROTOTYPES = YES;
				CLANG_WARN_SUSPICIOUS_MOVE = YES;
				CLANG_WARN_UNGUARDED_AVAILABILITY = YES_AGGRESSIVE;
				CLANG_WARN_UNREACHABLE_CODE = YES;
				CLANG_WARN__DUPLICATE_METHOD_MATCH = YES;
				COPY_PHASE_STRIP = NO;
				DEBUG_INFORMATION_FORMAT = "dwarf-with-dsym";
				ENABLE_NS_ASSERTIONS = NO;
				ENABLE_STRICT_OBJC_MSGSEND = YES;
				GCC_C_LANGUAGE_STANDARD = gnu11;
				GCC_NO_COMMON_BLOCKS = YES;
				GCC_WARN_64_TO_32_BIT_CONVERSION = YES;
				GCC_WARN_ABOUT_RETURN_TYPE = YES_ERROR;
				GCC_WARN_UNDECLARED_SELECTOR = YES;
				GCC_WARN_UNINITIALIZED_AUTOS = YES_AGGRESSIVE;
				GCC_WARN_UNUSED_FUNCTION = YES;
				GCC_WARN_UNUSED_VARIABLE = YES;
				IPHONEOS_DEPLOYMENT_TARGET = 16.4;
				MTL_ENABLE_DEBUG_INFO = NO;
				MTL_FAST_MATH = YES;
				SDKROOT = iphoneos;
				SWIFT_COMPILATION_MODE = wholemodule;
				SWIFT_OPTIMIZATION_LEVEL = "-O";
				VALIDATE_PRODUCT = YES;
			};
			name = Release;
		};
		53B48F3729FE579D003962DE /* Debug */ = {
			isa = XCBuildConfiguration;
			buildSettings = {
				ASSETCATALOG_COMPILER_APPICON_NAME = AppIcon;
				ASSETCATALOG_COMPILER_GLOBAL_ACCENT_COLOR_NAME = AccentColor;
				CODE_SIGN_STYLE = Automatic;
				CURRENT_PROJECT_VERSION = 1;
				DEVELOPMENT_TEAM = 977J65FA28;
				GENERATE_INFOPLIST_FILE = YES;
				INFOPLIST_FILE = WeatherApp_ver1/Info.plist;
				INFOPLIST_KEY_UIApplicationSupportsIndirectInputEvents = YES;
				INFOPLIST_KEY_UILaunchStoryboardName = LaunchScreen;
				INFOPLIST_KEY_UIMainStoryboardFile = Main;
				INFOPLIST_KEY_UISupportedInterfaceOrientations_iPad = "UIInterfaceOrientationPortrait UIInterfaceOrientationPortraitUpsideDown UIInterfaceOrientationLandscapeLeft UIInterfaceOrientationLandscapeRight";
				INFOPLIST_KEY_UISupportedInterfaceOrientations_iPhone = "UIInterfaceOrientationPortrait UIInterfaceOrientationLandscapeLeft UIInterfaceOrientationLandscapeRight";
				LD_RUNPATH_SEARCH_PATHS = (
					"$(inherited)",
					"@executable_path/Frameworks",
				);
				MARKETING_VERSION = 1.0;
				PRODUCT_BUNDLE_IDENTIFIER = "com.tori.WeatherApp-ver1";
				PRODUCT_NAME = "$(TARGET_NAME)";
				SWIFT_EMIT_LOC_STRINGS = YES;
				SWIFT_VERSION = 5.0;
				TARGETED_DEVICE_FAMILY = "1,2";
			};
			name = Debug;
		};
		53B48F3829FE579D003962DE /* Release */ = {
			isa = XCBuildConfiguration;
			buildSettings = {
				ASSETCATALOG_COMPILER_APPICON_NAME = AppIcon;
				ASSETCATALOG_COMPILER_GLOBAL_ACCENT_COLOR_NAME = AccentColor;
				CODE_SIGN_STYLE = Automatic;
				CURRENT_PROJECT_VERSION = 1;
				DEVELOPMENT_TEAM = 977J65FA28;
				GENERATE_INFOPLIST_FILE = YES;
				INFOPLIST_FILE = WeatherApp_ver1/Info.plist;
				INFOPLIST_KEY_UIApplicationSupportsIndirectInputEvents = YES;
				INFOPLIST_KEY_UILaunchStoryboardName = LaunchScreen;
				INFOPLIST_KEY_UIMainStoryboardFile = Main;
				INFOPLIST_KEY_UISupportedInterfaceOrientations_iPad = "UIInterfaceOrientationPortrait UIInterfaceOrientationPortraitUpsideDown UIInterfaceOrientationLandscapeLeft UIInterfaceOrientationLandscapeRight";
				INFOPLIST_KEY_UISupportedInterfaceOrientations_iPhone = "UIInterfaceOrientationPortrait UIInterfaceOrientationLandscapeLeft UIInterfaceOrientationLandscapeRight";
				LD_RUNPATH_SEARCH_PATHS = (
					"$(inherited)",
					"@executable_path/Frameworks",
				);
				MARKETING_VERSION = 1.0;
				PRODUCT_BUNDLE_IDENTIFIER = "com.tori.WeatherApp-ver1";
				PRODUCT_NAME = "$(TARGET_NAME)";
				SWIFT_EMIT_LOC_STRINGS = YES;
				SWIFT_VERSION = 5.0;
				TARGETED_DEVICE_FAMILY = "1,2";
			};
			name = Release;
		};
/* End XCBuildConfiguration section */

/* Begin XCConfigurationList section */
		53B48F1D29FE579C003962DE /* Build configuration list for PBXProject "WeatherApp_ver1" */ = {
			isa = XCConfigurationList;
			buildConfigurations = (
				53B48F3429FE579D003962DE /* Debug */,
				53B48F3529FE579D003962DE /* Release */,
			);
			defaultConfigurationIsVisible = 0;
			defaultConfigurationName = Release;
		};
		53B48F3629FE579D003962DE /* Build configuration list for PBXNativeTarget "WeatherApp_ver1" */ = {
			isa = XCConfigurationList;
			buildConfigurations = (
				53B48F3729FE579D003962DE /* Debug */,
				53B48F3829FE579D003962DE /* Release */,
			);
			defaultConfigurationIsVisible = 0;
			defaultConfigurationName = Release;
		};
/* End XCConfigurationList section */
	};
	rootObject = 53B48F1A29FE579C003962DE /* Project object */;
}
